
Microsoft Visual Studio Solution File, Format Version 12.00
# Visual Studio Version 17
VisualStudioVersion = 17.3.32929.385
MinimumVisualStudioVersion = 10.0.40219.1
Project("{9A19103F-16F7-4668-BE54-9A1E7A4F7556}") = "Fullstack.Api", "Fullstack.Api\Fullstack.Api.csproj", "{807D8A38-392E-4A37-9148-FD0ABC26A5E4}"
EndProject
Project("{E53339B2-1760-4266-BCC7-CA923CBCF16C}") = "docker-compose", "docker-compose.dcproj", "{6DF6CCED-DFC0-4CCD-A63E-734AE19D784F}"
EndProject
Global
	GlobalSection(SolutionConfigurationPlatforms) = preSolution
		Debug|Any CPU = Debug|Any CPU
		Release|Any CPU = Release|Any CPU
	EndGlobalSection
	GlobalSection(ProjectConfigurationPlatforms) = postSolution
		{807D8A38-392E-4A37-9148-FD0ABC26A5E4}.Debug|Any CPU.ActiveCfg = Debug|Any CPU
		{807D8A38-392E-4A37-9148-FD0ABC26A5E4}.Debug|Any CPU.Build.0 = Debug|Any CPU
		{807D8A38-392E-4A37-9148-FD0ABC26A5E4}.Release|Any CPU.ActiveCfg = Release|Any CPU
		{807D8A38-392E-4A37-9148-FD0ABC26A5E4}.Release|Any CPU.Build.0 = Release|Any CPU
		{6DF6CCED-DFC0-4CCD-A63E-734AE19D784F}.Debug|Any CPU.ActiveCfg = Debug|Any CPU
		{6DF6CCED-DFC0-4CCD-A63E-734AE19D784F}.Debug|Any CPU.Build.0 = Debug|Any CPU
		{6DF6CCED-DFC0-4CCD-A63E-734AE19D784F}.Release|Any CPU.ActiveCfg = Release|Any CPU
		{6DF6CCED-DFC0-4CCD-A63E-734AE19D784F}.Release|Any CPU.Build.0 = Release|Any CPU
	EndGlobalSection
	GlobalSection(SolutionProperties) = preSolution
		HideSolutionNode = FALSE
	EndGlobalSection
	GlobalSection(ExtensibilityGlobals) = postSolution
		SolutionGuid = {90461D04-98D3-40FB-A68F-81ECB92F6048}
	EndGlobalSection
EndGlobal
